{
  "name": "ecommerce",
  "version": "1.0.0",
  "lockfileVersion": 3,
  "requires": true,
  "packages": {
    "": {
      "name": "ecommerce",
      "version": "1.0.0",
      "license": "ISC",
      "dependencies": {
        "next": "^14.1.1-canary.27",
        "react": "^18.2.0",
        "react-dom": "^18.2.0"
      }
    },
    "node_modules/@next/env": {
      "version": "14.1.1-canary.27",
      "resolved": "https://registry.npmjs.org/@next/env/-/env-14.1.1-canary.27.tgz",
      "integrity": "sha512-v6FRSD3aZ1lf9sLAaGBlvGccffSRx3NhbANdFO2yrj6TVdFkAOvemhwL6GBZ2V+2MlAbTqWtVW7oJie+GgQWoA=="
    },
    "node_modules/@next/swc-darwin-arm64": {
      "version": "14.1.1-canary.27",
      "resolved": "https://registry.npmjs.org/@next/swc-darwin-arm64/-/swc-darwin-arm64-14.1.1-canary.27.tgz",
      "integrity": "sha512-9E38as2/pXDXiNILNESv8jyajghyBzQ4Vki9V2cMD2o48pfC97ZuewCZmV5pYkoAqY9iC2jHsWodyypNwHlS4w==",
      "cpu": [
        "arm64"
      ],
      "optional": true,
      "os": [
        "darwin"
      ],
      "engines": {
        "node": ">= 10"
      }
    },
    "node_modules/@next/swc-darwin-x64": {
      "version": "14.1.1-canary.27",
      "resolved": "https://registry.npmjs.org/@next/swc-darwin-x64/-/swc-darwin-x64-14.1.1-canary.27.tgz",
      "integrity": "sha512-BQ7p8U3N+Zijh5oWfUDKoyTurw38jSUFs38K9vAoE3EZQJB+WFtHkS5X01K50YwacdgryjTlje5Bxf9PrqCvVA==",
      "cpu": [
        "x64"
      ],
      "optional": true,
      "os": [
        "darwin"
      ],
      "engines": {
        "node": ">= 10"
      }
    },
    "node_modules/@next/swc-linux-arm64-gnu": {
      "version": "14.1.1-canary.27",
      "resolved": "https://registry.npmjs.org/@next/swc-linux-arm64-gnu/-/swc-linux-arm64-gnu-14.1.1-canary.27.tgz",
      "integrity": "sha512-/kcfFxteFg52mtEbNMt1emKTSJaHx0t2FDCrZNsasrWEbsx3T8d3J3ROUNLRiLpvDCeYaTDZO1PU52TYfj50dA==",
      "cpu": [
        "arm64"
      ],
      "optional": true,
      "os": [
        "linux"
      ],
      "engines": {
        "node": ">= 10"
      }
    },
    "node_modules/@next/swc-linux-arm64-musl": {
      "version": "14.1.1-canary.27",
      "resolved": "https://registry.npmjs.org/@next/swc-linux-arm64-musl/-/swc-linux-arm64-musl-14.1.1-canary.27.tgz",
      "integrity": "sha512-Liugqgu29KODzg+GiJLxDyDdT42v4WgzqjOr+Xq3jUv7v28IBfyx1MRPlOrOUFoD2jOr8XHo02JLBlURg/0oLA==",
      "cpu": [
        "arm64"
      ],
      "optional": true,
      "os": [
        "linux"
      ],
      "engines": {
        "node": ">= 10"
      }
    },
    "node_modules/@next/swc-linux-x64-gnu": {
      "version": "14.1.1-canary.27",
      "resolved": "https://registry.npmjs.org/@next/swc-linux-x64-gnu/-/swc-linux-x64-gnu-14.1.1-canary.27.tgz",
      "integrity": "sha512-rWEdjhteOKBNN5IgX/xq+nJgUoh1qlZU4IZkM5G1R90f/HzNG/uux7k3GLiunAEx3cBZCKwmHXMwyUd8QY4KcQ==",
      "cpu": [
        "x64"
      ],
      "optional": true,
      "os": [
        "linux"
      ],
      "engines": {
        "node": ">= 10"
      }
    },
    "node_modules/@next/swc-linux-x64-musl": {
      "version": "14.1.1-canary.27",
      "resolved": "https://registry.npmjs.org/@next/swc-linux-x64-musl/-/swc-linux-x64-musl-14.1.1-canary.27.tgz",
      "integrity": "sha512-oXrh9UxTEoZI0kuiGcs2XHuI8VSdipBnIvZAAiOokY+GCkv163DgQh2IpKM/RlPso++m2a8Ch671pSWN8Zd4Iw==",
      "cpu": [
        "x64"
      ],
      "optional": true,
      "os": [
        "linux"
      ],
      "engines": {
        "node": ">= 10"
      }
    },
    "node_modules/@next/swc-win32-arm64-msvc": {
      "version": "14.1.1-canary.27",
      "resolved": "https://registry.npmjs.org/@next/swc-win32-arm64-msvc/-/swc-win32-arm64-msvc-14.1.1-canary.27.tgz",
      "integrity": "sha512-fQsn+Y66UpFeppIe6TDMjM9BfMUM8h7WKh+gA/zCKBBpWv6BEo0QZTOHtoVbwYlb3VwDQi9T8yT8Ad3dl7TP2g==",
      "cpu": [
        "arm64"
      ],
      "optional": true,
      "os": [
        "win32"
      ],
      "engines": {
        "node": ">= 10"
      }
    },
    "node_modules/@next/swc-win32-ia32-msvc": {
      "version": "14.1.1-canary.27",
      "resolved": "https://registry.npmjs.org/@next/swc-win32-ia32-msvc/-/swc-win32-ia32-msvc-14.1.1-canary.27.tgz",
      "integrity": "sha512-iLdMJG8hzJ2+a+YTalqqhjl0vuX+VC9SBJMs0nPth3XiKvhmwWtwOqQU7PiK1Ea8OgIvJvF+o1GAq+P/SeC5jA==",
      "cpu": [
        "ia32"
      ],
      "optional": true,
      "os": [
        "win32"
      ],
      "engines": {
        "node": ">= 10"
      }
    },
    "node_modules/@next/swc-win32-x64-msvc": {
      "version": "14.1.1-canary.27",
      "resolved": "https://registry.npmjs.org/@next/swc-win32-x64-msvc/-/swc-win32-x64-msvc-14.1.1-canary.27.tgz",
      "integrity": "sha512-EpIJEBSWVig3E82wnNkaLgwkw6HkZ4+x6x5YB2wurHQZJt9+jFLFJex3wt7rO9XJI8R5sn+kVHwF2g25BJUihQ==",
      "cpu": [
        "x64"
      ],
      "optional": true,
      "os": [
        "win32"
      ],
      "engines": {
        "node": ">= 10"
      }
    },
    "node_modules/@swc/helpers": {
      "version": "0.5.2",
      "license": "Apache-2.0",
      "dependencies": {
        "tslib": "^2.4.0"
      }
    },
    "node_modules/busboy": {
      "version": "1.6.0",
      "dependencies": {
        "streamsearch": "^1.1.0"
      },
      "engines": {
        "node": ">=10.16.0"
      }
    },
    "node_modules/caniuse-lite": {
      "version": "1.0.30001583",
      "funding": [
        {
          "type": "opencollective",
          "url": "https://opencollective.com/browserslist"
        },
        {
          "type": "tidelift",
          "url": "https://tidelift.com/funding/github/npm/caniuse-lite"
        },
        {
          "type": "github",
          "url": "https://github.com/sponsors/ai"
        }
      ],
      "license": "CC-BY-4.0"
    },
    "node_modules/client-only": {
      "version": "0.0.1",
      "license": "MIT"
    },
    "node_modules/graceful-fs": {
      "version": "4.2.11",
      "license": "ISC"
    },
    "node_modules/js-tokens": {
      "version": "4.0.0",
      "license": "MIT"
    },
    "node_modules/loose-envify": {
      "version": "1.4.0",
      "license": "MIT",
      "dependencies": {
        "js-tokens": "^3.0.0 || ^4.0.0"
      },
      "bin": {
        "loose-envify": "cli.js"
      }
    },
    "node_modules/nanoid": {
      "version": "3.3.7",
      "funding": [
        {
          "type": "github",
          "url": "https://github.com/sponsors/ai"
        }
      ],
      "license": "MIT",
      "bin": {
        "nanoid": "bin/nanoid.cjs"
      },
      "engines": {
        "node": "^10 || ^12 || ^13.7 || ^14 || >=15.0.1"
      }
    },
    "node_modules/next": {
      "version": "14.1.1-canary.27",
      "resolved": "https://registry.npmjs.org/next/-/next-14.1.1-canary.27.tgz",
      "integrity": "sha512-DedZm3VgO4i4Owt6xVeSs6VbwspdxyEXPzCE+gWz7c3QJSBa/0J3hV+uPETeZ2YexdVvWYAj5YxJMNTfLTKTqw==",
      "dependencies": {
        "@next/env": "14.1.1-canary.27",
        "@swc/helpers": "0.5.2",
        "busboy": "1.6.0",
        "caniuse-lite": "^1.0.30001579",
        "graceful-fs": "^4.2.11",
        "postcss": "8.4.31",
        "styled-jsx": "5.1.1"
      },
      "bin": {
        "next": "dist/bin/next"
      },
      "engines": {
        "node": ">=18.17.0"
      },
      "optionalDependencies": {
        "@next/swc-darwin-arm64": "14.1.1-canary.27",
        "@next/swc-darwin-x64": "14.1.1-canary.27",
        "@next/swc-linux-arm64-gnu": "14.1.1-canary.27",
        "@next/swc-linux-arm64-musl": "14.1.1-canary.27",
        "@next/swc-linux-x64-gnu": "14.1.1-canary.27",
        "@next/swc-linux-x64-musl": "14.1.1-canary.27",
        "@next/swc-win32-arm64-msvc": "14.1.1-canary.27",
        "@next/swc-win32-ia32-msvc": "14.1.1-canary.27",
        "@next/swc-win32-x64-msvc": "14.1.1-canary.27"
      },
      "peerDependencies": {
        "@opentelemetry/api": "^1.1.0",
        "react": "^18.2.0",
        "react-dom": "^18.2.0",
        "sass": "^1.3.0"
      },
      "peerDependenciesMeta": {
        "@opentelemetry/api": {
          "optional": true
        },
        "sass": {
          "optional": true
        }
      }
    },
    "node_modules/picocolors": {
      "version": "1.0.0",
      "license": "ISC"
    },
    "node_modules/postcss": {
      "version": "8.4.31",
      "funding": [
        {
          "type": "opencollective",
          "url": "https://opencollective.com/postcss/"
        },
        {
          "type": "tidelift",
          "url": "https://tidelift.com/funding/github/npm/postcss"
        },
        {
          "type": "github",
          "url": "https://github.com/sponsors/ai"
        }
      ],
      "license": "MIT",
      "dependencies": {
        "nanoid": "^3.3.6",
        "picocolors": "^1.0.0",
        "source-map-js": "^1.0.2"
      },
      "engines": {
        "node": "^10 || ^12 || >=14"
      }
    },
    "node_modules/react": {
      "version": "18.2.0",
      "resolved": "https://registry.npmjs.org/react/-/react-18.2.0.tgz",
      "integrity": "sha512-/3IjMdb2L9QbBdWiW5e3P2/npwMBaU9mHCSCUzNln0ZCYbcfTsGbTJrU/kGemdH2IWmB2ioZ+zkxtmq6g09fGQ==",
      "dependencies": {
        "loose-envify": "^1.1.0"
      },
      "engines": {
        "node": ">=0.10.0"
      }
    },
    "node_modules/react-dom": {
      "version": "18.2.0",
      "resolved": "https://registry.npmjs.org/react-dom/-/react-dom-18.2.0.tgz",
      "integrity": "sha512-6IMTriUmvsjHUjNtEDudZfuDQUoWXVxKHhlEGSk81n4YFS+r/Kl99wXiwlVXtPBtJenozv2P+hxDsw9eA7Xo6g==",
      "dependencies": {
        "loose-envify": "^1.1.0",
        "scheduler": "^0.23.0"
      },
      "peerDependencies": {
        "react": "^18.2.0"
      }
    },
    "node_modules/scheduler": {
      "version": "0.23.0",
      "license": "MIT",
      "dependencies": {
        "loose-envify": "^1.1.0"
      }
    },
    "node_modules/source-map-js": {
      "version": "1.0.2",
      "license": "BSD-3-Clause",
      "engines": {
        "node": ">=0.10.0"
      }
    },
    "node_modules/streamsearch": {
      "version": "1.1.0",
      "engines": {
        "node": ">=10.0.0"
      }
    },
    "node_modules/styled-jsx": {
      "version": "5.1.1",
      "license": "MIT",
      "dependencies": {
        "client-only": "0.0.1"
      },
      "engines": {
        "node": ">= 12.0.0"
      },
      "peerDependencies": {
        "react": ">= 16.8.0 || 17.x.x || ^18.0.0-0"
      },
      "peerDependenciesMeta": {
        "@babel/core": {
          "optional": true
        },
        "babel-plugin-macros": {
          "optional": true
        }
      }
    },
    "node_modules/tslib": {
      "version": "2.6.2",
      "license": "0BSD"
    }
  }
}
